# optimizer-seed pin, sourced by install.sh.
# 7171673 is main as of 2026-10-10: 7ebea87 (2026-08-04) plus the Stop-hook fix
# that stops treating any mention of upload-policy as an upload (optimizer-seed#5).
# Main is used instead of tag v0.1.0 (5783022) because later commits fix onboarding and hooks.
SEED_URL=https://github.com/Metta-AI/optimizer-seed
SEED_COMMIT=71716731173049fad3c22e4eb257ccf7ac0f90a6
